
Microsoft Visual Studio Solution File, Format Version 12.00
Project("{FAE04EC0-301F-11D3-BF4B-00C04F79EFBC}") = "EventDelegate", "EventDelegate\EventDelegate.csproj", "{3220B4FD-7BE3-4185-AFEB-0292DD19EDB6}"
EndProject
Global
	GlobalSection(SolutionConfigurationPlatforms) = preSolution
		Debug|Any CPU = Debug|Any CPU
		Release|Any CPU = Release|Any CPU
	EndGlobalSection
	GlobalSection(ProjectConfigurationPlatforms) = postSolution
		{3220B4FD-7BE3-4185-AFEB-0292DD19EDB6}.Debug|Any CPU.ActiveCfg = Debug|Any CPU
		{3220B4FD-7BE3-4185-AFEB-0292DD19EDB6}.Debug|Any CPU.Build.0 = Debug|Any CPU
		{3220B4FD-7BE3-4185-AFEB-0292DD19EDB6}.Release|Any CPU.ActiveCfg = Release|Any CPU
		{3220B4FD-7BE3-4185-AFEB-0292DD19EDB6}.Release|Any CPU.Build.0 = Release|Any CPU
	EndGlobalSection
EndGlobal
